
Microsoft Visual Studio Solution File, Format Version 12.00
# Visual Studio Version 16
VisualStudioVersion = 16.0.31911.196
MinimumVisualStudioVersion = 10.0.40219.1
Project("{FAE04EC0-301F-11D3-BF4B-00C04F79EFBC}") = "Journal Manager", "Journal Manager\Journal Manager.csproj", "{370F6438-CA1F-4B84-9B07-6524F14DA9D9}"
EndProject
Global
	GlobalSection(SolutionConfigurationPlatforms) = preSolution
		Debug|Any CPU = Debug|Any CPU
		Release|Any CPU = Release|Any CPU
	EndGlobalSection
	GlobalSection(ProjectConfigurationPlatforms) = postSolution
		{370F6438-CA1F-4B84-9B07-6524F14DA9D9}.Debug|Any CPU.ActiveCfg = Debug|Any CPU
		{370F6438-CA1F-4B84-9B07-6524F14DA9D9}.Debug|Any CPU.Build.0 = Debug|Any CPU
		{370F6438-CA1F-4B84-9B07-6524F14DA9D9}.Release|Any CPU.ActiveCfg = Release|Any CPU
		{370F6438-CA1F-4B84-9B07-6524F14DA9D9}.Release|Any CPU.Build.0 = Release|Any CPU
	EndGlobalSection
	GlobalSection(SolutionProperties) = preSolution
		HideSolutionNode = FALSE
	EndGlobalSection
	GlobalSection(ExtensibilityGlobals) = postSolution
		SolutionGuid = {C43422B1-75A3-4EFA-A1F8-FABE06EC0C9B}
	EndGlobalSection
EndGlobal
